
Microsoft Visual Studio Solution File, Format Version 12.00
# Visual Studio Version 16
VisualStudioVersion = 16.0.31515.178
MinimumVisualStudioVersion = 10.0.40219.1
Project("{FAE04EC0-301F-11D3-BF4B-00C04F79EFBC}") = "MoodAnalyser", "MoodAnalyser\MoodAnalyser.csproj", "{37BDC467-81A8-4534-9D11-6A4B662C6349}"
EndProject
Project("{FAE04EC0-301F-11D3-BF4B-00C04F79EFBC}") = "UnitTestProject1", "UnitTestProject1\UnitTestProject1.csproj", "{62CA23F2-70EB-4C29-8A32-E95E5AC3E5F8}"
EndProject
Global
	GlobalSection(SolutionConfigurationPlatforms) = preSolution
		Debug|Any CPU = Debug|Any CPU
		Release|Any CPU = Release|Any CPU
	EndGlobalSection
	GlobalSection(ProjectConfigurationPlatforms) = postSolution
		{37BDC467-81A8-4534-9D11-6A4B662C6349}.Debug|Any CPU.ActiveCfg = Debug|Any CPU
		{37BDC467-81A8-4534-9D11-6A4B662C6349}.Debug|Any CPU.Build.0 = Debug|Any CPU
		{37BDC467-81A8-4534-9D11-6A4B662C6349}.Release|Any CPU.ActiveCfg = Release|Any CPU
		{37BDC467-81A8-4534-9D11-6A4B662C6349}.Release|Any CPU.Build.0 = Release|Any CPU
		{62CA23F2-70EB-4C29-8A32-E95E5AC3E5F8}.Debug|Any CPU.ActiveCfg = Debug|Any CPU
		{62CA23F2-70EB-4C29-8A32-E95E5AC3E5F8}.Debug|Any CPU.Build.0 = Debug|Any CPU
		{62CA23F2-70EB-4C29-8A32-E95E5AC3E5F8}.Release|Any CPU.ActiveCfg = Release|Any CPU
		{62CA23F2-70EB-4C29-8A32-E95E5AC3E5F8}.Release|Any CPU.Build.0 = Release|Any CPU
	EndGlobalSection
	GlobalSection(SolutionProperties) = preSolution
		HideSolutionNode = FALSE
	EndGlobalSection
	GlobalSection(ExtensibilityGlobals) = postSolution
		SolutionGuid = {58BAB6C2-35B7-44D8-88C4-8C56EF8E039B}
	EndGlobalSection
EndGlobal
